
Microsoft Visual Studio Solution File, Format Version 12.00
# Visual Studio Version 17
VisualStudioVersion = 17.9.34607.119
MinimumVisualStudioVersion = 10.0.40219.1
Project("{FAE04EC0-301F-11D3-BF4B-00C04F79EFBC}") = "lab_domain", "lab_domain\lab_domain.csproj", "{A68FB62A-2F76-43E4-BA5D-ED0E1DBA5709}"
EndProject
Project("{FAE04EC0-301F-11D3-BF4B-00C04F79EFBC}") = "lab_infrastructure", "lab_infrastructure\lab_infrastructure.csproj", "{860C0E45-CA01-405D-8E51-8D811145F1CB}"
EndProject
Global
	GlobalSection(SolutionConfigurationPlatforms) = preSolution
		Debug|Any CPU = Debug|Any CPU
		Release|Any CPU = Release|Any CPU
	EndGlobalSection
	GlobalSection(ProjectConfigurationPlatforms) = postSolution
		{A68FB62A-2F76-43E4-BA5D-ED0E1DBA5709}.Debug|Any CPU.ActiveCfg = Debug|Any CPU
		{A68FB62A-2F76-43E4-BA5D-ED0E1DBA5709}.Debug|Any CPU.Build.0 = Debug|Any CPU
		{A68FB62A-2F76-43E4-BA5D-ED0E1DBA5709}.Release|Any CPU.ActiveCfg = Release|Any CPU
		{A68FB62A-2F76-43E4-BA5D-ED0E1DBA5709}.Release|Any CPU.Build.0 = Release|Any CPU
		{860C0E45-CA01-405D-8E51-8D811145F1CB}.Debug|Any CPU.ActiveCfg = Debug|Any CPU
		{860C0E45-CA01-405D-8E51-8D811145F1CB}.Debug|Any CPU.Build.0 = Debug|Any CPU
		{860C0E45-CA01-405D-8E51-8D811145F1CB}.Release|Any CPU.ActiveCfg = Release|Any CPU
		{860C0E45-CA01-405D-8E51-8D811145F1CB}.Release|Any CPU.Build.0 = Release|Any CPU
	EndGlobalSection
	GlobalSection(SolutionProperties) = preSolution
		HideSolutionNode = FALSE
	EndGlobalSection
	GlobalSection(ExtensibilityGlobals) = postSolution
		SolutionGuid = {10ED24A7-2BD0-44C2-8906-810F66964082}
	EndGlobalSection
EndGlobal
